
Microsoft Visual Studio Solution File, Format Version 12.00
# Visual Studio Version 17
VisualStudioVersion = 17.9.34622.214
MinimumVisualStudioVersion = 10.0.40219.1
Project("{FAE04EC0-301F-11D3-BF4B-00C04F79EFBC}") = "TPMOD8_1302220052", "TPMOD8_1302220052\TPMOD8_1302220052.csproj", "{C18D20B0-6310-444B-B899-5C2A7C0FF40A}"
EndProject
Project("{2150E333-8FDC-42A3-9474-1A3956D46DE8}") = "Solution Items", "Solution Items", "{354BECFD-1F34-413D-8824-9A55BB9F4556}"
	ProjectSection(SolutionItems) = preProject
		covid_config.json = covid_config.json
	EndProjectSection
EndProject
Global
	GlobalSection(SolutionConfigurationPlatforms) = preSolution
		Debug|Any CPU = Debug|Any CPU
		Release|Any CPU = Release|Any CPU
	EndGlobalSection
	GlobalSection(ProjectConfigurationPlatforms) = postSolution
		{C18D20B0-6310-444B-B899-5C2A7C0FF40A}.Debug|Any CPU.ActiveCfg = Debug|Any CPU
		{C18D20B0-6310-444B-B899-5C2A7C0FF40A}.Debug|Any CPU.Build.0 = Debug|Any CPU
		{C18D20B0-6310-444B-B899-5C2A7C0FF40A}.Release|Any CPU.ActiveCfg = Release|Any CPU
		{C18D20B0-6310-444B-B899-5C2A7C0FF40A}.Release|Any CPU.Build.0 = Release|Any CPU
	EndGlobalSection
	GlobalSection(SolutionProperties) = preSolution
		HideSolutionNode = FALSE
	EndGlobalSection
	GlobalSection(ExtensibilityGlobals) = postSolution
		SolutionGuid = {8BE60F52-F9EC-4458-BE99-B7842C9B7518}
	EndGlobalSection
EndGlobal
